// !$*UTF8*$!
{
	archiveVersion = 1;
	classes = {
	};
	objectVersion = 46;
	objects = {

/* Begin PBXBuildFile section */
		818110E81D946E0B00DA6F27 /* PaulGrotesk-Bold-Trail.otf in Resources */ = {isa = PBXBuildFile; fileRef = 818110E51D946E0B00DA6F27 /* PaulGrotesk-Bold-Trail.otf */; };
		818110E91D946E0B00DA6F27 /* PaulGrotesk-Regular-Trail.otf in Resources */ = {isa = PBXBuildFile; fileRef = 818110E61D946E0B00DA6F27 /* PaulGrotesk-Regular-Trail.otf */; };
		818110EA1D946E0B00DA6F27 /* PaulGrotesk-Thin-Trail.otf in Resources */ = {isa = PBXBuildFile; fileRef = 818110E71D946E0B00DA6F27 /* PaulGrotesk-Thin-Trail.otf */; };
		81E5DD271D908AED00EB08B3 /* AppDelegate.swift in Sources */ = {isa = PBXBuildFile; fileRef = 81E5DD261D908AED00EB08B3 /* AppDelegate.swift */; };
		81E5DD291D908AED00EB08B3 /* ViewController.swift in Sources */ = {isa = PBXBuildFile; fileRef = 81E5DD281D908AED00EB08B3 /* ViewController.swift */; };
		81E5DD2C1D908AED00EB08B3 /* Main.storyboard in Resources */ = {isa = PBXBuildFile; fileRef = 81E5DD2A1D908AED00EB08B3 /* Main.storyboard */; };
		81E5DD2E1D908AEE00EB08B3 /* Assets.xcassets in Resources */ = {isa = PBXBuildFile; fileRef = 81E5DD2D1D908AEE00EB08B3 /* Assets.xcassets */; };
		81E5DD311D908AEE00EB08B3 /* LaunchScreen.storyboard in Resources */ = {isa = PBXBuildFile; fileRef = 81E5DD2F1D908AEE00EB08B3 /* LaunchScreen.storyboard */; };
		81E5DD391D90A04C00EB08B3 /* EfficiencyModel.swift in Sources */ = {isa = PBXBuildFile; fileRef = 81E5DD381D90A04C00EB08B3 /* EfficiencyModel.swift */; };
/* End PBXBuildFile section */

/* Begin PBXFileReference section */
		818110E51D946E0B00DA6F27 /* PaulGrotesk-Bold-Trail.otf */ = {isa = PBXFileReference; lastKnownFileType = file; path = "PaulGrotesk-Bold-Trail.otf"; sourceTree = "<group>"; };
		818110E61D946E0B00DA6F27 /* PaulGrotesk-Regular-Trail.otf */ = {isa = PBXFileReference; lastKnownFileType = file; path = "PaulGrotesk-Regular-Trail.otf"; sourceTree = "<group>"; };
		818110E71D946E0B00DA6F27 /* PaulGrotesk-Thin-Trail.otf */ = {isa = PBXFileReference; lastKnownFileType = file; path = "PaulGrotesk-Thin-Trail.otf"; sourceTree = "<group>"; };
		81E5DD231D908AED00EB08B3 /* ACCalculator.app */ = {isa = PBXFileReference; explicitFileType = wrapper.application; includeInIndex = 0; path = ACCalculator.app; sourceTree = BUILT_PRODUCTS_DIR; };
		81E5DD261D908AED00EB08B3 /* AppDelegate.swift */ = {isa = PBXFileReference; lastKnownFileType = sourcecode.swift; path = AppDelegate.swift; sourceTree = "<group>"; };
		81E5DD281D908AED00EB08B3 /* ViewController.swift */ = {isa = PBXFileReference; lastKnownFileType = sourcecode.swift; path = ViewController.swift; sourceTree = "<group>"; };
		81E5DD2B1D908AED00EB08B3 /* Base */ = {isa = PBXFileReference; lastKnownFileType = file.storyboard; name = Base; path = Base.lproj/Main.storyboard; sourceTree = "<group>"; };
		81E5DD2D1D908AEE00EB08B3 /* Assets.xcassets */ = {isa = PBXFileReference; lastKnownFileType = folder.assetcatalog; path = Assets.xcassets; sourceTree = "<group>"; };
		81E5DD301D908AEE00EB08B3 /* Base */ = {isa = PBXFileReference; lastKnownFileType = file.storyboard; name = Base; path = Base.lproj/LaunchScreen.storyboard; sourceTree = "<group>"; };
		81E5DD321D908AEE00EB08B3 /* Info.plist */ = {isa = PBXFileReference; lastKnownFileType = text.plist.xml; path = Info.plist; sourceTree = "<group>"; };
		81E5DD381D90A04C00EB08B3 /* EfficiencyModel.swift */ = {isa = PBXFileReference; fileEncoding = 4; lastKnownFileType = sourcecode.swift; path = EfficiencyModel.swift; sourceTree = "<group>"; };
/* End PBXFileReference section */

/* Begin PBXFrameworksBuildPhase section */
		81E5DD201D908AED00EB08B3 /* Frameworks */ = {
			isa = PBXFrameworksBuildPhase;
			buildActionMask = 2147483647;
			files = (
			);
			runOnlyForDeploymentPostprocessing = 0;
		};
/* End PBXFrameworksBuildPhase section */

/* Begin PBXGroup section */
		818110E41D946DEB00DA6F27 /* Resources */ = {
			isa = PBXGroup;
			children = (
				818110E51D946E0B00DA6F27 /* PaulGrotesk-Bold-Trail.otf */,
				818110E61D946E0B00DA6F27 /* PaulGrotesk-Regular-Trail.otf */,
				818110E71D946E0B00DA6F27 /* PaulGrotesk-Thin-Trail.otf */,
			);
			name = Resources;
			sourceTree = "<group>";
		};
		81E5DD1A1D908AED00EB08B3 = {
			isa = PBXGroup;
			children = (
				81E5DD251D908AED00EB08B3 /* ACCalculator */,
				81E5DD241D908AED00EB08B3 /* Products */,
			);
			sourceTree = "<group>";
		};
		81E5DD241D908AED00EB08B3 /* Products */ = {
			isa = PBXGroup;
			children = (
				81E5DD231D908AED00EB08B3 /* ACCalculator.app */,
			);
			name = Products;
			sourceTree = "<group>";
		};
		81E5DD251D908AED00EB08B3 /* ACCalculator */ = {
			isa = PBXGroup;
			children = (
				81E5DD261D908AED00EB08B3 /* AppDelegate.swift */,
				81E5DD281D908AED00EB08B3 /* ViewController.swift */,
				81E5DD2A1D908AED00EB08B3 /* Main.storyboard */,
				81E5DD381D90A04C00EB08B3 /* EfficiencyModel.swift */,
				81E5DD2D1D908AEE00EB08B3 /* Assets.xcassets */,
				81E5DD2F1D908AEE00EB08B3 /* LaunchScreen.storyboard */,
				81E5DD321D908AEE00EB08B3 /* Info.plist */,
				818110E41D946DEB00DA6F27 /* Resources */,
			);
			path = ACCalculator;
			sourceTree = "<group>";
		};
/* End PBXGroup section */

/* Begin PBXNativeTarget section */
		81E5DD221D908AED00EB08B3 /* ACCalculator */ = {
			isa = PBXNativeTarget;
			buildConfigurationList = 81E5DD351D908AEE00EB08B3 /* Build configuration list for PBXNativeTarget "ACCalculator" */;
			buildPhases = (
				81E5DD1F1D908AED00EB08B3 /* Sources */,
				81E5DD201D908AED00EB08B3 /* Frameworks */,
				81E5DD211D908AED00EB08B3 /* Resources */,
			);
			buildRules = (
			);
			dependencies = (
			);
			name = ACCalculator;
			productName = ACCalculator;
			productReference = 81E5DD231D908AED00EB08B3 /* ACCalculator.app */;
			productType = "com.apple.product-type.application";
		};
/* End PBXNativeTarget section */

/* Begin PBXProject section */
		81E5DD1B1D908AED00EB08B3 /* Project object */ = {
			isa = PBXProject;
			attributes = {
				LastSwiftUpdateCheck = 0800;
				LastUpgradeCheck = 0800;
				ORGANIZATIONNAME = "Jake Swedenbug";
				TargetAttributes = {
					81E5DD221D908AED00EB08B3 = {
						CreatedOnToolsVersion = 8.0;
						DevelopmentTeam = 8V7ERX2APN;
						ProvisioningStyle = Automatic;
					};
				};
			};
			buildConfigurationList = 81E5DD1E1D908AED00EB08B3 /* Build configuration list for PBXProject "ACCalculator" */;
			compatibilityVersion = "Xcode 3.2";
			developmentRegion = English;
			hasScannedForEncodings = 0;
			knownRegions = (
				en,
				Base,
			);
			mainGroup = 81E5DD1A1D908AED00EB08B3;
			productRefGroup = 81E5DD241D908AED00EB08B3 /* Products */;
			projectDirPath = "";
			projectRoot = "";
			targets = (
				81E5DD221D908AED00EB08B3 /* ACCalculator */,
			);
		};
/* End PBXProject section */

/* Begin PBXResourcesBuildPhase section */
		81E5DD211D908AED00EB08B3 /* Resources */ = {
			isa = PBXResourcesBuildPhase;
			buildActionMask = 2147483647;
			files = (
				81E5DD311D908AEE00EB08B3 /* LaunchScreen.storyboard in Resources */,
				818110EA1D946E0B00DA6F27 /* PaulGrotesk-Thin-Trail.otf in Resources */,
				818110E81D946E0B00DA6F27 /* PaulGrotesk-Bold-Trail.otf in Resources */,
				81E5DD2E1D908AEE00EB08B3 /* Assets.xcassets in Resources */,
				818110E91D946E0B00DA6F27 /* PaulGrotesk-Regular-Trail.otf in Resources */,
				81E5DD2C1D908AED00EB08B3 /* Main.storyboard in Resources */,
			);
			runOnlyForDeploymentPostprocessing = 0;
		};
/* End PBXResourcesBuildPhase section */

/* Begin PBXSourcesBuildPhase section */
		81E5DD1F1D908AED00EB08B3 /* Sources */ = {
			isa = PBXSourcesBuildPhase;
			buildActionMask = 2147483647;
			files = (
				81E5DD391D90A04C00EB08B3 /* EfficiencyModel.swift in Sources */,
				81E5DD291D908AED00EB08B3 /* ViewController.swift in Sources */,
				81E5DD271D908AED00EB08B3 /* AppDelegate.swift in Sources */,
			);
			runOnlyForDeploymentPostprocessing = 0;
		};
/* End PBXSourcesBuildPhase section */

/* Begin PBXVariantGroup section */
		81E5DD2A1D908AED00EB08B3 /* Main.storyboard */ = {
			isa = PBXVariantGroup;
			children = (
				81E5DD2B1D908AED00EB08B3 /* Base */,
			);
			name = Main.storyboard;
			sourceTree = "<group>";
		};
		81E5DD2F1D908AEE00EB08B3 /* LaunchScreen.storyboard */ = {
			isa = PBXVariantGroup;
			children = (
				81E5DD301D908AEE00EB08B3 /* Base */,
			);
			name = LaunchScreen.storyboard;
			sourceTree = "<group>";
		};
/* End PBXVariantGroup section */

/* Begin XCBuildConfiguration section */
		81E5DD331D908AEE00EB08B3 /* Debug */ = {
			isa = XCBuildConfiguration;
			buildSettings = {
				ALWAYS_SEARCH_USER_PATHS = NO;
				CLANG_ANALYZER_NONNULL = YES;
				CLANG_CXX_LANGUAGE_STANDARD = "gnu++0x";
				CLANG_CXX_LIBRARY = "libc++";
				CLANG_ENABLE_MODULES = YES;
				CLANG_ENABLE_OBJC_ARC = YES;
				CLANG_WARN_BOOL_CONVERSION = YES;
				CLANG_WARN_CONSTANT_CONVERSION = YES;
				CLANG_WARN_DIRECT_OBJC_ISA_USAGE = YES_ERROR;
				CLANG_WARN_DOCUMENTATION_COMMENTS = YES;
				CLANG_WARN_EMPTY_BODY = YES;
				CLANG_WARN_ENUM_CONVERSION = YES;
				CLANG_WARN_INFINITE_RECURSION = YES;
				CLANG_WARN_INT_CONVERSION = YES;
				CLANG_WARN_OBJC_ROOT_CLASS = YES_ERROR;
				CLANG_WARN_SUSPICIOUS_MOVES = YES;
				CLANG_WARN_UNREACHABLE_CODE = YES;
				CLANG_WARN__DUPLICATE_METHOD_MATCH = YES;
				"CODE_SIGN_IDENTITY[sdk=iphoneos*]" = "iPhone Developer";
				COPY_PHASE_STRIP = NO;
				DEBUG_INFORMATION_FORMAT = dwarf;
				ENABLE_STRICT_OBJC_MSGSEND = YES;
				ENABLE_TESTABILITY = YES;
				GCC_C_LANGUAGE_STANDARD = gnu99;
				GCC_DYNAMIC_NO_PIC = NO;
				GCC_NO_COMMON_BLOCKS = YES;
				GCC_OPTIMIZATION_LEVEL = 0;
				GCC_PREPROCESSOR_DEFINITIONS = (
					"DEBUG=1",
					"$(inherited)",
				);
				GCC_WARN_64_TO_32_BIT_CONVERSION = YES;
				GCC_WARN_ABOUT_RETURN_TYPE = YES_ERROR;
				GCC_WARN_UNDECLARED_SELECTOR = YES;
				GCC_WARN_UNINITIALIZED_AUTOS = YES_AGGRESSIVE;
				GCC_WARN_UNUSED_FUNCTION = YES;
				GCC_WARN_UNUSED_VARIABLE = YES;
				IPHONEOS_DEPLOYMENT_TARGET = 10.0;
				MTL_ENABLE_DEBUG_INFO = YES;
				ONLY_ACTIVE_ARCH = YES;
				SDKROOT = iphoneos;
				SWIFT_ACTIVE_COMPILATION_CONDITIONS = DEBUG;
				SWIFT_OPTIMIZATION_LEVEL = "-Onone";
				TARGETED_DEVICE_FAMILY = "1,2";
			};
			name = Debug;
		};
		81E5DD341D908AEE00EB08B3 /* Release */ = {
			isa = XCBuildConfiguration;
			buildSettings = {
				ALWAYS_SEARCH_USER_PATHS = NO;
				CLANG_ANALYZER_NONNULL = YES;
				CLANG_CXX_LANGUAGE_STANDARD = "gnu++0x";
				CLANG_CXX_LIBRARY = "libc++";
				CLANG_ENABLE_MODULES = YES;
				CLANG_ENABLE_OBJC_ARC = YES;
				CLANG_WARN_BOOL_CONVERSION = YES;
				CLANG_WARN_CONSTANT_CONVERSION = YES;
				CLANG_WARN_DIRECT_OBJC_ISA_USAGE = YES_ERROR;
				CLANG_WARN_DOCUMENTATION_COMMENTS = YES;
				CLANG_WARN_EMPTY_BODY = YES;
				CLANG_WARN_ENUM_CONVERSION = YES;
				CLANG_WARN_INFINITE_RECURSION = YES;
				CLANG_WARN_INT_CONVERSION = YES;
				CLANG_WARN_OBJC_ROOT_CLASS = YES_ERROR;
				CLANG_WARN_SUSPICIOUS_MOVES = YES;
				CLANG_WARN_UNREACHABLE_CODE = YES;
				CLANG_WARN__DUPLICATE_METHOD_MATCH = YES;
				"CODE_SIGN_IDENTITY[sdk=iphoneos*]" = "iPhone Developer";
				COPY_PHASE_STRIP = NO;
				DEBUG_INFORMATION_FORMAT = "dwarf-with-dsym";
				ENABLE_NS_ASSERTIONS = NO;
				ENABLE_STRICT_OBJC_MSGSEND = YES;
				GCC_C_LANGUAGE_STANDARD = gnu99;
				GCC_NO_COMMON_BLOCKS = YES;
				GCC_WARN_64_TO_32_BIT_CONVERSION = YES;
				GCC_WARN_ABOUT_RETURN_TYPE = YES_ERROR;
				GCC_WARN_UNDECLARED_SELECTOR = YES;
				GCC_WARN_UNINITIALIZED_AUTOS = YES_AGGRESSIVE;
				GCC_WARN_UNUSED_FUNCTION = YES;
				GCC_WARN_UNUSED_VARIABLE = YES;
				IPHONEOS_DEPLOYMENT_TARGET = 10.0;
				MTL_ENABLE_DEBUG_INFO = NO;
				SDKROOT = iphoneos;
				SWIFT_OPTIMIZATION_LEVEL = "-Owholemodule";
				TARGETED_DEVICE_FAMILY = "1,2";
				VALIDATE_PRODUCT = YES;
			};
			name = Release;
		};
		81E5DD361D908AEE00EB08B3 /* Debug */ = {
			isa = XCBuildConfiguration;
			buildSettings = {
				ASSETCATALOG_COMPILER_APPICON_NAME = AppIcon;
				DEVELOPMENT_TEAM = 8V7ERX2APN;
				INFOPLIST_FILE = ACCalculator/Info.plist;
				LD_RUNPATH_SEARCH_PATHS = "$(inherited) @executable_path/Frameworks";
				PRODUCT_BUNDLE_IDENTIFIER = com.jakeswedenburg.ACCalculator;
				PRODUCT_NAME = "$(TARGET_NAME)";
				SWIFT_VERSION = 3.0;
			};
			name = Debug;
		};
		81E5DD371D908AEE00EB08B3 /* Release */ = {
			isa = XCBuildConfiguration;
			buildSettings = {
				ASSETCATALOG_COMPILER_APPICON_NAME = AppIcon;
				DEVELOPMENT_TEAM = 8V7ERX2APN;
				INFOPLIST_FILE = ACCalculator/Info.plist;
				LD_RUNPATH_SEARCH_PATHS = "$(inherited) @executable_path/Frameworks";
				PRODUCT_BUNDLE_IDENTIFIER = com.jakeswedenburg.ACCalculator;
				PRODUCT_NAME = "$(TARGET_NAME)";
				SWIFT_VERSION = 3.0;
			};
			name = Release;
		};
/* End XCBuildConfiguration section */

/* Begin XCConfigurationList section */
		81E5DD1E1D908AED00EB08B3 /* Build configuration list for PBXProject "ACCalculator" */ = {
			isa = XCConfigurationList;
			buildConfigurations = (
				81E5DD331D908AEE00EB08B3 /* Debug */,
				81E5DD341D908AEE00EB08B3 /* Release */,
			);
			defaultConfigurationIsVisible = 0;
			defaultConfigurationName = Release;
		};
		81E5DD351D908AEE00EB08B3 /* Build configuration list for PBXNativeTarget "ACCalculator" */ = {
			isa = XCConfigurationList;
			buildConfigurations = (
				81E5DD361D908AEE00EB08B3 /* Debug */,
				81E5DD371D908AEE00EB08B3 /* Release */,
			);
			defaultConfigurationIsVisible = 0;
			defaultConfigurationName = Release;
		};
/* End XCConfigurationList section */
	};
	rootObject = 81E5DD1B1D908AED00EB08B3 /* Project object */;
}
